
Microsoft Visual Studio Solution File, Format Version 12.00
# Visual Studio 15
VisualStudioVersion = 15.0.28307.329
MinimumVisualStudioVersion = 10.0.40219.1
Project("{8BC9CEB8-8B4A-11D0-8D11-00A0C91BC942}") = "Image_filtering", "Image_filtering\Image_filtering.vcxproj", "{7E6BE60D-9F02-4AB3-BAB3-DD169334502B}"
EndProject
Global
	GlobalSection(SolutionConfigurationPlatforms) = preSolution
		Debug|x64 = Debug|x64
		Debug|x86 = Debug|x86
		Release|x64 = Release|x64
		Release|x86 = Release|x86
	EndGlobalSection
	GlobalSection(ProjectConfigurationPlatforms) = postSolution
		{7E6BE60D-9F02-4AB3-BAB3-DD169334502B}.Debug|x64.ActiveCfg = Debug|x64
		{7E6BE60D-9F02-4AB3-BAB3-DD169334502B}.Debug|x64.Build.0 = Debug|x64
		{7E6BE60D-9F02-4AB3-BAB3-DD169334502B}.Debug|x86.ActiveCfg = Debug|Win32
		{7E6BE60D-9F02-4AB3-BAB3-DD169334502B}.Debug|x86.Build.0 = Debug|Win32
		{7E6BE60D-9F02-4AB3-BAB3-DD169334502B}.Release|x64.ActiveCfg = Release|x64
		{7E6BE60D-9F02-4AB3-BAB3-DD169334502B}.Release|x64.Build.0 = Release|x64
		{7E6BE60D-9F02-4AB3-BAB3-DD169334502B}.Release|x86.ActiveCfg = Release|Win32
		{7E6BE60D-9F02-4AB3-BAB3-DD169334502B}.Release|x86.Build.0 = Release|Win32
	EndGlobalSection
	GlobalSection(SolutionProperties) = preSolution
		HideSolutionNode = FALSE
	EndGlobalSection
	GlobalSection(ExtensibilityGlobals) = postSolution
		SolutionGuid = {BBD8ECE9-4433-4768-9BD9-44A3F77D21AD}
	EndGlobalSection
EndGlobal
